// !$*UTF8*$!
{
	archiveVersion = 1;
	classes = {
	};
	objectVersion = 46;
	objects = {

/* Begin PBXBuildFile section */
		9F904B5A15C17F220013C020 /* UIKit.framework in Frameworks */ = {isa = PBXBuildFile; fileRef = 9F904B5915C17F220013C020 /* UIKit.framework */; };
		9F904B5C15C17F220013C020 /* Foundation.framework in Frameworks */ = {isa = PBXBuildFile; fileRef = 9F904B5B15C17F220013C020 /* Foundation.framework */; };
		9F904B5E15C17F220013C020 /* CoreGraphics.framework in Frameworks */ = {isa = PBXBuildFile; fileRef = 9F904B5D15C17F220013C020 /* CoreGraphics.framework */; };
		9F904B6415C17F220013C020 /* InfoPlist.strings in Resources */ = {isa = PBXBuildFile; fileRef = 9F904B6215C17F220013C020 /* InfoPlist.strings */; };
		9F904B6615C17F220013C020 /* main.m in Sources */ = {isa = PBXBuildFile; fileRef = 9F904B6515C17F220013C020 /* main.m */; };
		9F904B6A15C17F220013C020 /* CricketScoreAppDelegate.m in Sources */ = {isa = PBXBuildFile; fileRef = 9F904B6915C17F220013C020 /* CricketScoreAppDelegate.m */; };
		9F904B6D15C17F220013C020 /* CricketScoreFirstViewController.m in Sources */ = {isa = PBXBuildFile; fileRef = 9F904B6C15C17F220013C020 /* CricketScoreFirstViewController.m */; };
		9F904B6F15C17F220013C020 /* first.png in Resources */ = {isa = PBXBuildFile; fileRef = 9F904B6E15C17F220013C020 /* first.png */; };
		9F904B7115C17F220013C020 /* first@2x.png in Resources */ = {isa = PBXBuildFile; fileRef = 9F904B7015C17F220013C020 /* first@2x.png */; };
		9F904B7415C17F220013C020 /* CricketScoreSecondViewController.m in Sources */ = {isa = PBXBuildFile; fileRef = 9F904B7315C17F220013C020 /* CricketScoreSecondViewController.m */; };
		9F904B7615C17F220013C020 /* second.png in Resources */ = {isa = PBXBuildFile; fileRef = 9F904B7515C17F220013C020 /* second.png */; };
		9F904B7815C17F220013C020 /* second@2x.png in Resources */ = {isa = PBXBuildFile; fileRef = 9F904B7715C17F220013C020 /* second@2x.png */; };
		9F904B7B15C17F220013C020 /* CricketScoreFirstViewController.xib in Resources */ = {isa = PBXBuildFile; fileRef = 9F904B7915C17F220013C020 /* CricketScoreFirstViewController.xib */; };
		9F904B7E15C17F220013C020 /* CricketScoreSecondViewController.xib in Resources */ = {isa = PBXBuildFile; fileRef = 9F904B7C15C17F220013C020 /* CricketScoreSecondViewController.xib */; };
/* End PBXBuildFile section */

/* Begin PBXFileReference section */
		9F904B5515C17F220013C020 /* CricketScore.app */ = {isa = PBXFileReference; explicitFileType = wrapper.application; includeInIndex = 0; path = CricketScore.app; sourceTree = BUILT_PRODUCTS_DIR; };
		9F904B5915C17F220013C020 /* UIKit.framework */ = {isa = PBXFileReference; lastKnownFileType = wrapper.framework; name = UIKit.framework; path = System/Library/Frameworks/UIKit.framework; sourceTree = SDKROOT; };
		9F904B5B15C17F220013C020 /* Foundation.framework */ = {isa = PBXFileReference; lastKnownFileType = wrapper.framework; name = Foundation.framework; path = System/Library/Frameworks/Foundation.framework; sourceTree = SDKROOT; };
		9F904B5D15C17F220013C020 /* CoreGraphics.framework */ = {isa = PBXFileReference; lastKnownFileType = wrapper.framework; name = CoreGraphics.framework; path = System/Library/Frameworks/CoreGraphics.framework; sourceTree = SDKROOT; };
		9F904B6115C17F220013C020 /* CricketScore-Info.plist */ = {isa = PBXFileReference; lastKnownFileType = text.plist.xml; path = "CricketScore-Info.plist"; sourceTree = "<group>"; };
		9F904B6315C17F220013C020 /* en */ = {isa = PBXFileReference; lastKnownFileType = text.plist.strings; name = en; path = en.lproj/InfoPlist.strings; sourceTree = "<group>"; };
		9F904B6515C17F220013C020 /* main.m */ = {isa = PBXFileReference; lastKnownFileType = sourcecode.c.objc; path = main.m; sourceTree = "<group>"; };
		9F904B6715C17F220013C020 /* CricketScore-Prefix.pch */ = {isa = PBXFileReference; lastKnownFileType = sourcecode.c.h; path = "CricketScore-Prefix.pch"; sourceTree = "<group>"; };
		9F904B6815C17F220013C020 /* CricketScoreAppDelegate.h */ = {isa = PBXFileReference; lastKnownFileType = sourcecode.c.h; path = CricketScoreAppDelegate.h; sourceTree = "<group>"; };
		9F904B6915C17F220013C020 /* CricketScoreAppDelegate.m */ = {isa = PBXFileReference; lastKnownFileType = sourcecode.c.objc; path = CricketScoreAppDelegate.m; sourceTree = "<group>"; };
		9F904B6B15C17F220013C020 /* CricketScoreFirstViewController.h */ = {isa = PBXFileReference; lastKnownFileType = sourcecode.c.h; path = CricketScoreFirstViewController.h; sourceTree = "<group>"; };
		9F904B6C15C17F220013C020 /* CricketScoreFirstViewController.m */ = {isa = PBXFileReference; lastKnownFileType = sourcecode.c.objc; path = CricketScoreFirstViewController.m; sourceTree = "<group>"; };
		9F904B6E15C17F220013C020 /* first.png */ = {isa = PBXFileReference; lastKnownFileType = image.png; path = first.png; sourceTree = "<group>"; };
		9F904B7015C17F220013C020 /* first@2x.png */ = {isa = PBXFileReference; lastKnownFileType = image.png; path = "first@2x.png"; sourceTree = "<group>"; };
		9F904B7215C17F220013C020 /* CricketScoreSecondViewController.h */ = {isa = PBXFileReference; lastKnownFileType = sourcecode.c.h; path = CricketScoreSecondViewController.h; sourceTree = "<group>"; };
		9F904B7315C17F220013C020 /* CricketScoreSecondViewController.m */ = {isa = PBXFileReference; lastKnownFileType = sourcecode.c.objc; path = CricketScoreSecondViewController.m; sourceTree = "<group>"; };
		9F904B7515C17F220013C020 /* second.png */ = {isa = PBXFileReference; lastKnownFileType = image.png; path = second.png; sourceTree = "<group>"; };
		9F904B7715C17F220013C020 /* second@2x.png */ = {isa = PBXFileReference; lastKnownFileType = image.png; path = "second@2x.png"; sourceTree = "<group>"; };
		9F904B7A15C17F220013C020 /* en */ = {isa = PBXFileReference; lastKnownFileType = file.xib; name = en; path = en.lproj/CricketScoreFirstViewController.xib; sourceTree = "<group>"; };
		9F904B7D15C17F220013C020 /* en */ = {isa = PBXFileReference; lastKnownFileType = file.xib; name = en; path = en.lproj/CricketScoreSecondViewController.xib; sourceTree = "<group>"; };
/* End PBXFileReference section */

/* Begin PBXFrameworksBuildPhase section */
		9F904B5215C17F220013C020 /* Frameworks */ = {
			isa = PBXFrameworksBuildPhase;
			buildActionMask = 2147483647;
			files = (
				9F904B5A15C17F220013C020 /* UIKit.framework in Frameworks */,
				9F904B5C15C17F220013C020 /* Foundation.framework in Frameworks */,
				9F904B5E15C17F220013C020 /* CoreGraphics.framework in Frameworks */,
			);
			runOnlyForDeploymentPostprocessing = 0;
		};
/* End PBXFrameworksBuildPhase section */

/* Begin PBXGroup section */
		9F904B4A15C17F220013C020 = {
			isa = PBXGroup;
			children = (
				9F904B5F15C17F220013C020 /* CricketScore */,
				9F904B5815C17F220013C020 /* Frameworks */,
				9F904B5615C17F220013C020 /* Products */,
			);
			sourceTree = "<group>";
		};
		9F904B5615C17F220013C020 /* Products */ = {
			isa = PBXGroup;
			children = (
				9F904B5515C17F220013C020 /* CricketScore.app */,
			);
			name = Products;
			sourceTree = "<group>";
		};
		9F904B5815C17F220013C020 /* Frameworks */ = {
			isa = PBXGroup;
			children = (
				9F904B5915C17F220013C020 /* UIKit.framework */,
				9F904B5B15C17F220013C020 /* Foundation.framework */,
				9F904B5D15C17F220013C020 /* CoreGraphics.framework */,
			);
			name = Frameworks;
			sourceTree = "<group>";
		};
		9F904B5F15C17F220013C020 /* CricketScore */ = {
			isa = PBXGroup;
			children = (
				9F904B6815C17F220013C020 /* CricketScoreAppDelegate.h */,
				9F904B6915C17F220013C020 /* CricketScoreAppDelegate.m */,
				9F904B6B15C17F220013C020 /* CricketScoreFirstViewController.h */,
				9F904B6C15C17F220013C020 /* CricketScoreFirstViewController.m */,
				9F904B6E15C17F220013C020 /* first.png */,
				9F904B7015C17F220013C020 /* first@2x.png */,
				9F904B7215C17F220013C020 /* CricketScoreSecondViewController.h */,
				9F904B7315C17F220013C020 /* CricketScoreSecondViewController.m */,
				9F904B7515C17F220013C020 /* second.png */,
				9F904B7715C17F220013C020 /* second@2x.png */,
				9F904B7915C17F220013C020 /* CricketScoreFirstViewController.xib */,
				9F904B7C15C17F220013C020 /* CricketScoreSecondViewController.xib */,
				9F904B6015C17F220013C020 /* Supporting Files */,
			);
			path = CricketScore;
			sourceTree = "<group>";
		};
		9F904B6015C17F220013C020 /* Supporting Files */ = {
			isa = PBXGroup;
			children = (
				9F904B6115C17F220013C020 /* CricketScore-Info.plist */,
				9F904B6215C17F220013C020 /* InfoPlist.strings */,
				9F904B6515C17F220013C020 /* main.m */,
				9F904B6715C17F220013C020 /* CricketScore-Prefix.pch */,
			);
			name = "Supporting Files";
			sourceTree = "<group>";
		};
/* End PBXGroup section */

/* Begin PBXNativeTarget section */
		9F904B5415C17F220013C020 /* CricketScore */ = {
			isa = PBXNativeTarget;
			buildConfigurationList = 9F904B8115C17F220013C020 /* Build configuration list for PBXNativeTarget "CricketScore" */;
			buildPhases = (
				9F904B5115C17F220013C020 /* Sources */,
				9F904B5215C17F220013C020 /* Frameworks */,
				9F904B5315C17F220013C020 /* Resources */,
			);
			buildRules = (
			);
			dependencies = (
			);
			name = CricketScore;
			productName = CricketScore;
			productReference = 9F904B5515C17F220013C020 /* CricketScore.app */;
			productType = "com.apple.product-type.application";
		};
/* End PBXNativeTarget section */

/* Begin PBXProject section */
		9F904B4C15C17F220013C020 /* Project object */ = {
			isa = PBXProject;
			attributes = {
				CLASSPREFIX = CricketScore;
				LastUpgradeCheck = 0430;
				ORGANIZATIONNAME = "Bristol University";
			};
			buildConfigurationList = 9F904B4F15C17F220013C020 /* Build configuration list for PBXProject "CricketScore" */;
			compatibilityVersion = "Xcode 3.2";
			developmentRegion = English;
			hasScannedForEncodings = 0;
			knownRegions = (
				en,
			);
			mainGroup = 9F904B4A15C17F220013C020;
			productRefGroup = 9F904B5615C17F220013C020 /* Products */;
			projectDirPath = "";
			projectRoot = "";
			targets = (
				9F904B5415C17F220013C020 /* CricketScore */,
			);
		};
/* End PBXProject section */

/* Begin PBXResourcesBuildPhase section */
		9F904B5315C17F220013C020 /* Resources */ = {
			isa = PBXResourcesBuildPhase;
			buildActionMask = 2147483647;
			files = (
				9F904B6415C17F220013C020 /* InfoPlist.strings in Resources */,
				9F904B6F15C17F220013C020 /* first.png in Resources */,
				9F904B7115C17F220013C020 /* first@2x.png in Resources */,
				9F904B7615C17F220013C020 /* second.png in Resources */,
				9F904B7815C17F220013C020 /* second@2x.png in Resources */,
				9F904B7B15C17F220013C020 /* CricketScoreFirstViewController.xib in Resources */,
				9F904B7E15C17F220013C020 /* CricketScoreSecondViewController.xib in Resources */,
			);
			runOnlyForDeploymentPostprocessing = 0;
		};
/* End PBXResourcesBuildPhase section */

/* Begin PBXSourcesBuildPhase section */
		9F904B5115C17F220013C020 /* Sources */ = {
			isa = PBXSourcesBuildPhase;
			buildActionMask = 2147483647;
			files = (
				9F904B6615C17F220013C020 /* main.m in Sources */,
				9F904B6A15C17F220013C020 /* CricketScoreAppDelegate.m in Sources */,
				9F904B6D15C17F220013C020 /* CricketScoreFirstViewController.m in Sources */,
				9F904B7415C17F220013C020 /* CricketScoreSecondViewController.m in Sources */,
			);
			runOnlyForDeploymentPostprocessing = 0;
		};
/* End PBXSourcesBuildPhase section */

/* Begin PBXVariantGroup section */
		9F904B6215C17F220013C020 /* InfoPlist.strings */ = {
			isa = PBXVariantGroup;
			children = (
				9F904B6315C17F220013C020 /* en */,
			);
			name = InfoPlist.strings;
			sourceTree = "<group>";
		};
		9F904B7915C17F220013C020 /* CricketScoreFirstViewController.xib */ = {
			isa = PBXVariantGroup;
			children = (
				9F904B7A15C17F220013C020 /* en */,
			);
			name = CricketScoreFirstViewController.xib;
			sourceTree = "<group>";
		};
		9F904B7C15C17F220013C020 /* CricketScoreSecondViewController.xib */ = {
			isa = PBXVariantGroup;
			children = (
				9F904B7D15C17F220013C020 /* en */,
			);
			name = CricketScoreSecondViewController.xib;
			sourceTree = "<group>";
		};
/* End PBXVariantGroup section */

/* Begin XCBuildConfiguration section */
		9F904B7F15C17F220013C020 /* Debug */ = {
			isa = XCBuildConfiguration;
			buildSettings = {
				ALWAYS_SEARCH_USER_PATHS = NO;
				ARCHS = "$(ARCHS_STANDARD_32_BIT)";
				CLANG_ENABLE_OBJC_ARC = YES;
				"CODE_SIGN_IDENTITY[sdk=iphoneos*]" = "iPhone Developer";
				COPY_PHASE_STRIP = NO;
				GCC_C_LANGUAGE_STANDARD = gnu99;
				GCC_DYNAMIC_NO_PIC = NO;
				GCC_OPTIMIZATION_LEVEL = 0;
				GCC_PREPROCESSOR_DEFINITIONS = (
					"DEBUG=1",
					"$(inherited)",
				);
				GCC_SYMBOLS_PRIVATE_EXTERN = NO;
				GCC_VERSION = com.apple.compilers.llvm.clang.1_0;
				GCC_WARN_ABOUT_RETURN_TYPE = YES;
				GCC_WARN_UNINITIALIZED_AUTOS = YES;
				GCC_WARN_UNUSED_VARIABLE = YES;
				IPHONEOS_DEPLOYMENT_TARGET = 5.1;
				SDKROOT = iphoneos;
			};
			name = Debug;
		};
		9F904B8015C17F220013C020 /* Release */ = {
			isa = XCBuildConfiguration;
			buildSettings = {
				ALWAYS_SEARCH_USER_PATHS = NO;
				ARCHS = "$(ARCHS_STANDARD_32_BIT)";
				CLANG_ENABLE_OBJC_ARC = YES;
				"CODE_SIGN_IDENTITY[sdk=iphoneos*]" = "iPhone Developer";
				COPY_PHASE_STRIP = YES;
				GCC_C_LANGUAGE_STANDARD = gnu99;
				GCC_VERSION = com.apple.compilers.llvm.clang.1_0;
				GCC_WARN_ABOUT_RETURN_TYPE = YES;
				GCC_WARN_UNINITIALIZED_AUTOS = YES;
				GCC_WARN_UNUSED_VARIABLE = YES;
				IPHONEOS_DEPLOYMENT_TARGET = 5.1;
				OTHER_CFLAGS = "-DNS_BLOCK_ASSERTIONS=1";
				SDKROOT = iphoneos;
				VALIDATE_PRODUCT = YES;
			};
			name = Release;
		};
		9F904B8215C17F220013C020 /* Debug */ = {
			isa = XCBuildConfiguration;
			buildSettings = {
				GCC_PRECOMPILE_PREFIX_HEADER = YES;
				GCC_PREFIX_HEADER = "CricketScore/CricketScore-Prefix.pch";
				INFOPLIST_FILE = "CricketScore/CricketScore-Info.plist";
				PRODUCT_NAME = "$(TARGET_NAME)";
				WRAPPER_EXTENSION = app;
			};
			name = Debug;
		};
		9F904B8315C17F220013C020 /* Release */ = {
			isa = XCBuildConfiguration;
			buildSettings = {
				GCC_PRECOMPILE_PREFIX_HEADER = YES;
				GCC_PREFIX_HEADER = "CricketScore/CricketScore-Prefix.pch";
				INFOPLIST_FILE = "CricketScore/CricketScore-Info.plist";
				PRODUCT_NAME = "$(TARGET_NAME)";
				WRAPPER_EXTENSION = app;
			};
			name = Release;
		};
/* End XCBuildConfiguration section */

/* Begin XCConfigurationList section */
		9F904B4F15C17F220013C020 /* Build configuration list for PBXProject "CricketScore" */ = {
			isa = XCConfigurationList;
			buildConfigurations = (
				9F904B7F15C17F220013C020 /* Debug */,
				9F904B8015C17F220013C020 /* Release */,
			);
			defaultConfigurationIsVisible = 0;
			defaultConfigurationName = Release;
		};
		9F904B8115C17F220013C020 /* Build configuration list for PBXNativeTarget "CricketScore" */ = {
			isa = XCConfigurationList;
			buildConfigurations = (
				9F904B8215C17F220013C020 /* Debug */,
				9F904B8315C17F220013C020 /* Release */,
			);
			defaultConfigurationIsVisible = 0;
		};
/* End XCConfigurationList section */
	};
	rootObject = 9F904B4C15C17F220013C020 /* Project object */;
}
